
Microsoft Visual Studio Solution File, Format Version 12.00
# Visual Studio Version 16
VisualStudioVersion = 16.0.28922.388
MinimumVisualStudioVersion = 10.0.40219.1
Project("{FAE04EC0-301F-11D3-BF4B-00C04F79EFBC}") = "WindowsFormsApp1", "WindowsFormsApp1\WindowsFormsApp1.csproj", "{05B73413-CD2B-41FD-AFF4-300672D9EF0D}"
EndProject
Project("{FAE04EC0-301F-11D3-BF4B-00C04F79EFBC}") = "Person", "Person\Person.csproj", "{D08F5E61-58AC-4F79-AACE-B16054D8587B}"
EndProject
Project("{FAE04EC0-301F-11D3-BF4B-00C04F79EFBC}") = "Student", "Student\Student.csproj", "{A0000670-449F-4725-A34C-6C7215ADA800}"
EndProject
Global
	GlobalSection(SolutionConfigurationPlatforms) = preSolution
		Debug|Any CPU = Debug|Any CPU
		Release|Any CPU = Release|Any CPU
	EndGlobalSection
	GlobalSection(ProjectConfigurationPlatforms) = postSolution
		{05B73413-CD2B-41FD-AFF4-300672D9EF0D}.Debug|Any CPU.ActiveCfg = Debug|Any CPU
		{05B73413-CD2B-41FD-AFF4-300672D9EF0D}.Debug|Any CPU.Build.0 = Debug|Any CPU
		{05B73413-CD2B-41FD-AFF4-300672D9EF0D}.Release|Any CPU.ActiveCfg = Release|Any CPU
		{05B73413-CD2B-41FD-AFF4-300672D9EF0D}.Release|Any CPU.Build.0 = Release|Any CPU
		{D08F5E61-58AC-4F79-AACE-B16054D8587B}.Debug|Any CPU.ActiveCfg = Debug|Any CPU
		{D08F5E61-58AC-4F79-AACE-B16054D8587B}.Debug|Any CPU.Build.0 = Debug|Any CPU
		{D08F5E61-58AC-4F79-AACE-B16054D8587B}.Release|Any CPU.ActiveCfg = Release|Any CPU
		{D08F5E61-58AC-4F79-AACE-B16054D8587B}.Release|Any CPU.Build.0 = Release|Any CPU
		{A0000670-449F-4725-A34C-6C7215ADA800}.Debug|Any CPU.ActiveCfg = Debug|Any CPU
		{A0000670-449F-4725-A34C-6C7215ADA800}.Debug|Any CPU.Build.0 = Debug|Any CPU
		{A0000670-449F-4725-A34C-6C7215ADA800}.Release|Any CPU.ActiveCfg = Release|Any CPU
		{A0000670-449F-4725-A34C-6C7215ADA800}.Release|Any CPU.Build.0 = Release|Any CPU
	EndGlobalSection
	GlobalSection(SolutionProperties) = preSolution
		HideSolutionNode = FALSE
	EndGlobalSection
	GlobalSection(ExtensibilityGlobals) = postSolution
		SolutionGuid = {4DD5CEED-228B-413B-8A6E-AF90A567A617}
	EndGlobalSection
EndGlobal
